
Microsoft Visual Studio Solution File, Format Version 12.00
# Visual Studio Version 16
VisualStudioVersion = 16.0.31624.102
MinimumVisualStudioVersion = 10.0.40219.1
Project("{FAE04EC0-301F-11D3-BF4B-00C04F79EFBC}") = "GetWeekDays", "GetWeekDays\GetWeekDays.csproj", "{E52210E3-83DF-4A6A-840A-B727018E11FD}"
EndProject
Project("{FAE04EC0-301F-11D3-BF4B-00C04F79EFBC}") = "CreateFileFromCollection", "CreateFileFromCollection\CreateFileFromCollection.csproj", "{09FCFFBE-D6B9-46EE-8426-4272540993ED}"
EndProject
Project("{FAE04EC0-301F-11D3-BF4B-00C04F79EFBC}") = "JoinsDataTable", "JoinsDataTable\JoinsDataTable.csproj", "{217BFF4E-46F0-4D4B-A71F-EC16857604A6}"
EndProject
Global
	GlobalSection(SolutionConfigurationPlatforms) = preSolution
		Debug|Any CPU = Debug|Any CPU
		Release|Any CPU = Release|Any CPU
	EndGlobalSection
	GlobalSection(ProjectConfigurationPlatforms) = postSolution
		{E52210E3-83DF-4A6A-840A-B727018E11FD}.Debug|Any CPU.ActiveCfg = Debug|Any CPU
		{E52210E3-83DF-4A6A-840A-B727018E11FD}.Debug|Any CPU.Build.0 = Debug|Any CPU
		{E52210E3-83DF-4A6A-840A-B727018E11FD}.Release|Any CPU.ActiveCfg = Release|Any CPU
		{E52210E3-83DF-4A6A-840A-B727018E11FD}.Release|Any CPU.Build.0 = Release|Any CPU
		{09FCFFBE-D6B9-46EE-8426-4272540993ED}.Debug|Any CPU.ActiveCfg = Debug|Any CPU
		{09FCFFBE-D6B9-46EE-8426-4272540993ED}.Debug|Any CPU.Build.0 = Debug|Any CPU
		{09FCFFBE-D6B9-46EE-8426-4272540993ED}.Release|Any CPU.ActiveCfg = Release|Any CPU
		{09FCFFBE-D6B9-46EE-8426-4272540993ED}.Release|Any CPU.Build.0 = Release|Any CPU
		{217BFF4E-46F0-4D4B-A71F-EC16857604A6}.Debug|Any CPU.ActiveCfg = Debug|Any CPU
		{217BFF4E-46F0-4D4B-A71F-EC16857604A6}.Debug|Any CPU.Build.0 = Debug|Any CPU
		{217BFF4E-46F0-4D4B-A71F-EC16857604A6}.Release|Any CPU.ActiveCfg = Release|Any CPU
		{217BFF4E-46F0-4D4B-A71F-EC16857604A6}.Release|Any CPU.Build.0 = Release|Any CPU
	EndGlobalSection
	GlobalSection(SolutionProperties) = preSolution
		HideSolutionNode = FALSE
	EndGlobalSection
	GlobalSection(ExtensibilityGlobals) = postSolution
		SolutionGuid = {4CD43906-4EEE-4EC3-8E71-9D2168FDFFE9}
	EndGlobalSection
EndGlobal
